
Microsoft Visual Studio Solution File, Format Version 12.00
# Visual Studio 15
VisualStudioVersion = 15.0.27130.2036
MinimumVisualStudioVersion = 10.0.40219.1
Project("{2150E333-8FDC-42A3-9474-1A3956D46DE8}") = "src", "src", "{C174E83C-0D56-43FD-8746-C1607FFE447B}"
EndProject
Project("{2150E333-8FDC-42A3-9474-1A3956D46DE8}") = "test", "test", "{507DB7F2-6E14-4699-91DF-D222B6536A9F}"
EndProject
Project("{FAE04EC0-301F-11D3-BF4B-00C04F79EFBC}") = "ThoughtHaven.Security.Cryptography.Random", "src\ThoughtHaven.Security.Cryptography.Random\ThoughtHaven.Security.Cryptography.Random.csproj", "{69C56CCA-66FA-404D-9F66-4C73B7C68638}"
EndProject
Project("{FAE04EC0-301F-11D3-BF4B-00C04F79EFBC}") = "ThoughtHaven.Security.Cryptography.Random.Test", "test\ThoughtHaven.Security.Cryptography.Random.Test\ThoughtHaven.Security.Cryptography.Random.Test.csproj", "{FBAF0BDE-C88C-4581-8456-A8C5B1F0D41B}"
EndProject
Project("{FAE04EC0-301F-11D3-BF4B-00C04F79EFBC}") = "ThoughtHaven.Security.SingleUseTokens.Abstractions", "src\ThoughtHaven.Security.SingleUseTokens.Abstractions\ThoughtHaven.Security.SingleUseTokens.Abstractions.csproj", "{F0BE9DDE-3C9D-44A4-BDD1-9BBA14A378FE}"
EndProject
Project("{FAE04EC0-301F-11D3-BF4B-00C04F79EFBC}") = "ThoughtHaven.Security.SingleUseTokens.Abstractions.Tests", "test\ThoughtHaven.Security.SingleUseTokens.Abstractions.Tests\ThoughtHaven.Security.SingleUseTokens.Abstractions.Tests.csproj", "{AC932682-080D-4522-86B0-1A8661B52997}"
EndProject
Global
	GlobalSection(SolutionConfigurationPlatforms) = preSolution
		Debug|Any CPU = Debug|Any CPU
		Release|Any CPU = Release|Any CPU
	EndGlobalSection
	GlobalSection(ProjectConfigurationPlatforms) = postSolution
		{69C56CCA-66FA-404D-9F66-4C73B7C68638}.Debug|Any CPU.ActiveCfg = Debug|Any CPU
		{69C56CCA-66FA-404D-9F66-4C73B7C68638}.Debug|Any CPU.Build.0 = Debug|Any CPU
		{69C56CCA-66FA-404D-9F66-4C73B7C68638}.Release|Any CPU.ActiveCfg = Release|Any CPU
		{69C56CCA-66FA-404D-9F66-4C73B7C68638}.Release|Any CPU.Build.0 = Release|Any CPU
		{FBAF0BDE-C88C-4581-8456-A8C5B1F0D41B}.Debug|Any CPU.ActiveCfg = Debug|Any CPU
		{FBAF0BDE-C88C-4581-8456-A8C5B1F0D41B}.Debug|Any CPU.Build.0 = Debug|Any CPU
		{FBAF0BDE-C88C-4581-8456-A8C5B1F0D41B}.Release|Any CPU.ActiveCfg = Release|Any CPU
		{FBAF0BDE-C88C-4581-8456-A8C5B1F0D41B}.Release|Any CPU.Build.0 = Release|Any CPU
		{F0BE9DDE-3C9D-44A4-BDD1-9BBA14A378FE}.Debug|Any CPU.ActiveCfg = Debug|Any CPU
		{F0BE9DDE-3C9D-44A4-BDD1-9BBA14A378FE}.Debug|Any CPU.Build.0 = Debug|Any CPU
		{F0BE9DDE-3C9D-44A4-BDD1-9BBA14A378FE}.Release|Any CPU.ActiveCfg = Release|Any CPU
		{F0BE9DDE-3C9D-44A4-BDD1-9BBA14A378FE}.Release|Any CPU.Build.0 = Release|Any CPU
		{AC932682-080D-4522-86B0-1A8661B52997}.Debug|Any CPU.ActiveCfg = Debug|Any CPU
		{AC932682-080D-4522-86B0-1A8661B52997}.Debug|Any CPU.Build.0 = Debug|Any CPU
		{AC932682-080D-4522-86B0-1A8661B52997}.Release|Any CPU.ActiveCfg = Release|Any CPU
		{AC932682-080D-4522-86B0-1A8661B52997}.Release|Any CPU.Build.0 = Release|Any CPU
	EndGlobalSection
	GlobalSection(SolutionProperties) = preSolution
		HideSolutionNode = FALSE
	EndGlobalSection
	GlobalSection(NestedProjects) = preSolution
		{69C56CCA-66FA-404D-9F66-4C73B7C68638} = {C174E83C-0D56-43FD-8746-C1607FFE447B}
		{FBAF0BDE-C88C-4581-8456-A8C5B1F0D41B} = {507DB7F2-6E14-4699-91DF-D222B6536A9F}
		{F0BE9DDE-3C9D-44A4-BDD1-9BBA14A378FE} = {C174E83C-0D56-43FD-8746-C1607FFE447B}
		{AC932682-080D-4522-86B0-1A8661B52997} = {507DB7F2-6E14-4699-91DF-D222B6536A9F}
	EndGlobalSection
	GlobalSection(ExtensibilityGlobals) = postSolution
		SolutionGuid = {7B9E69C5-754A-479E-8293-F5F3A6F66268}
	EndGlobalSection
EndGlobal
